// !$*UTF8*$!
{
	archiveVersion = 1;
	classes = {
	};
	objectVersion = 77;
	objects = {

/* Begin PBXBuildFile section */
		9CE89CBD2CDB988A009EC18E /* Alamofire in Frameworks */ = {isa = PBXBuildFile; productRef = 9CE89CBC2CDB988A009EC18E /* Alamofire */; };
		9CE89CC02CDB98D1009EC18E /* SnapKit in Frameworks */ = {isa = PBXBuildFile; productRef = 9CE89CBF2CDB98D1009EC18E /* SnapKit */; };
		9CE89CC32CDB990F009EC18E /* RxCocoa in Frameworks */ = {isa = PBXBuildFile; productRef = 9CE89CC22CDB990F009EC18E /* RxCocoa */; };
		9CE89CC52CDB990F009EC18E /* RxSwift in Frameworks */ = {isa = PBXBuildFile; productRef = 9CE89CC42CDB990F009EC18E /* RxSwift */; };
		9CE89CC82CDB996C009EC18E /* Kingfisher in Frameworks */ = {isa = PBXBuildFile; productRef = 9CE89CC72CDB996C009EC18E /* Kingfisher */; };
/* End PBXBuildFile section */

/* Begin PBXContainerItemProxy section */
		9CE89C612CD9FFD7009EC18E /* PBXContainerItemProxy */ = {
			isa = PBXContainerItemProxy;
			containerPortal = 9CE89C422CD9FFD6009EC18E /* Project object */;
			proxyType = 1;
			remoteGlobalIDString = 9CE89C492CD9FFD6009EC18E;
			remoteInfo = CleanArchitecture;
		};
		9CE89C6B2CD9FFD7009EC18E /* PBXContainerItemProxy */ = {
			isa = PBXContainerItemProxy;
			containerPortal = 9CE89C422CD9FFD6009EC18E /* Project object */;
			proxyType = 1;
			remoteGlobalIDString = 9CE89C492CD9FFD6009EC18E;
			remoteInfo = CleanArchitecture;
		};
/* End PBXContainerItemProxy section */

/* Begin PBXFileReference section */
		9CE89C4A2CD9FFD6009EC18E /* CleanArchitecture.app */ = {isa = PBXFileReference; explicitFileType = wrapper.application; includeInIndex = 0; path = CleanArchitecture.app; sourceTree = BUILT_PRODUCTS_DIR; };
		9CE89C602CD9FFD7009EC18E /* CleanArchitectureTests.xctest */ = {isa = PBXFileReference; explicitFileType = wrapper.cfbundle; includeInIndex = 0; path = CleanArchitectureTests.xctest; sourceTree = BUILT_PRODUCTS_DIR; };
		9CE89C6A2CD9FFD7009EC18E /* CleanArchitectureUITests.xctest */ = {isa = PBXFileReference; explicitFileType = wrapper.cfbundle; includeInIndex = 0; path = CleanArchitectureUITests.xctest; sourceTree = BUILT_PRODUCTS_DIR; };
/* End PBXFileReference section */

/* Begin PBXFileSystemSynchronizedBuildFileExceptionSet section */
		9CE89C722CD9FFD7009EC18E /* Exceptions for "CleanArchitecture" folder in "CleanArchitecture" target */ = {
			isa = PBXFileSystemSynchronizedBuildFileExceptionSet;
			membershipExceptions = (
				Info.plist,
			);
			target = 9CE89C492CD9FFD6009EC18E /* CleanArchitecture */;
		};
/* End PBXFileSystemSynchronizedBuildFileExceptionSet section */

/* Begin PBXFileSystemSynchronizedRootGroup section */
		9CE89C4C2CD9FFD6009EC18E /* CleanArchitecture */ = {
			isa = PBXFileSystemSynchronizedRootGroup;
			exceptions = (
				9CE89C722CD9FFD7009EC18E /* Exceptions for "CleanArchitecture" folder in "CleanArchitecture" target */,
			);
			path = CleanArchitecture;
			sourceTree = "<group>";
		};
		9CE89C632CD9FFD7009EC18E /* CleanArchitectureTests */ = {
			isa = PBXFileSystemSynchronizedRootGroup;
			path = CleanArchitectureTests;
			sourceTree = "<group>";
		};
		9CE89C6D2CD9FFD7009EC18E /* CleanArchitectureUITests */ = {
			isa = PBXFileSystemSynchronizedRootGroup;
			path = CleanArchitectureUITests;
			sourceTree = "<group>";
		};
/* End PBXFileSystemSynchronizedRootGroup section */

/* Begin PBXFrameworksBuildPhase section */
		9CE89C472CD9FFD6009EC18E /* Frameworks */ = {
			isa = PBXFrameworksBuildPhase;
			buildActionMask = 2147483647;
			files = (
				9CE89CC32CDB990F009EC18E /* RxCocoa in Frameworks */,
				9CE89CBD2CDB988A009EC18E /* Alamofire in Frameworks */,
				9CE89CC52CDB990F009EC18E /* RxSwift in Frameworks */,
				9CE89CC02CDB98D1009EC18E /* SnapKit in Frameworks */,
				9CE89CC82CDB996C009EC18E /* Kingfisher in Frameworks */,
			);
			runOnlyForDeploymentPostprocessing = 0;
		};
		9CE89C5D2CD9FFD7009EC18E /* Frameworks */ = {
			isa = PBXFrameworksBuildPhase;
			buildActionMask = 2147483647;
			files = (
			);
			runOnlyForDeploymentPostprocessing = 0;
		};
		9CE89C672CD9FFD7009EC18E /* Frameworks */ = {
			isa = PBXFrameworksBuildPhase;
			buildActionMask = 2147483647;
			files = (
			);
			runOnlyForDeploymentPostprocessing = 0;
		};
/* End PBXFrameworksBuildPhase section */

/* Begin PBXGroup section */
		9CE89C412CD9FFD6009EC18E = {
			isa = PBXGroup;
			children = (
				9CE89C4C2CD9FFD6009EC18E /* CleanArchitecture */,
				9CE89C632CD9FFD7009EC18E /* CleanArchitectureTests */,
				9CE89C6D2CD9FFD7009EC18E /* CleanArchitectureUITests */,
				9CE89C4B2CD9FFD6009EC18E /* Products */,
			);
			sourceTree = "<group>";
		};
		9CE89C4B2CD9FFD6009EC18E /* Products */ = {
			isa = PBXGroup;
			children = (
				9CE89C4A2CD9FFD6009EC18E /* CleanArchitecture.app */,
				9CE89C602CD9FFD7009EC18E /* CleanArchitectureTests.xctest */,
				9CE89C6A2CD9FFD7009EC18E /* CleanArchitectureUITests.xctest */,
			);
			name = Products;
			sourceTree = "<group>";
		};
/* End PBXGroup section */

/* Begin PBXNativeTarget section */
		9CE89C492CD9FFD6009EC18E /* CleanArchitecture */ = {
			isa = PBXNativeTarget;
			buildConfigurationList = 9CE89C732CD9FFD7009EC18E /* Build configuration list for PBXNativeTarget "CleanArchitecture" */;
			buildPhases = (
				9CE89C462CD9FFD6009EC18E /* Sources */,
				9CE89C472CD9FFD6009EC18E /* Frameworks */,
				9CE89C482CD9FFD6009EC18E /* Resources */,
			);
			buildRules = (
			);
			dependencies = (
			);
			fileSystemSynchronizedGroups = (
				9CE89C4C2CD9FFD6009EC18E /* CleanArchitecture */,
			);
			name = CleanArchitecture;
			packageProductDependencies = (
				9CE89CBC2CDB988A009EC18E /* Alamofire */,
				9CE89CBF2CDB98D1009EC18E /* SnapKit */,
				9CE89CC22CDB990F009EC18E /* RxCocoa */,
				9CE89CC42CDB990F009EC18E /* RxSwift */,
				9CE89CC72CDB996C009EC18E /* Kingfisher */,
			);
			productName = CleanArchitecture;
			productReference = 9CE89C4A2CD9FFD6009EC18E /* CleanArchitecture.app */;
			productType = "com.apple.product-type.application";
		};
		9CE89C5F2CD9FFD7009EC18E /* CleanArchitectureTests */ = {
			isa = PBXNativeTarget;
			buildConfigurationList = 9CE89C782CD9FFD7009EC18E /* Build configuration list for PBXNativeTarget "CleanArchitectureTests" */;
			buildPhases = (
				9CE89C5C2CD9FFD7009EC18E /* Sources */,
				9CE89C5D2CD9FFD7009EC18E /* Frameworks */,
				9CE89C5E2CD9FFD7009EC18E /* Resources */,
			);
			buildRules = (
			);
			dependencies = (
				9CE89C622CD9FFD7009EC18E /* PBXTargetDependency */,
			);
			fileSystemSynchronizedGroups = (
				9CE89C632CD9FFD7009EC18E /* CleanArchitectureTests */,
			);
			name = CleanArchitectureTests;
			packageProductDependencies = (
			);
			productName = CleanArchitectureTests;
			productReference = 9CE89C602CD9FFD7009EC18E /* CleanArchitectureTests.xctest */;
			productType = "com.apple.product-type.bundle.unit-test";
		};
		9CE89C692CD9FFD7009EC18E /* CleanArchitectureUITests */ = {
			isa = PBXNativeTarget;
			buildConfigurationList = 9CE89C7B2CD9FFD7009EC18E /* Build configuration list for PBXNativeTarget "CleanArchitectureUITests" */;
			buildPhases = (
				9CE89C662CD9FFD7009EC18E /* Sources */,
				9CE89C672CD9FFD7009EC18E /* Frameworks */,
				9CE89C682CD9FFD7009EC18E /* Resources */,
			);
			buildRules = (
			);
			dependencies = (
				9CE89C6C2CD9FFD7009EC18E /* PBXTargetDependency */,
			);
			fileSystemSynchronizedGroups = (
				9CE89C6D2CD9FFD7009EC18E /* CleanArchitectureUITests */,
			);
			name = CleanArchitectureUITests;
			packageProductDependencies = (
			);
			productName = CleanArchitectureUITests;
			productReference = 9CE89C6A2CD9FFD7009EC18E /* CleanArchitectureUITests.xctest */;
			productType = "com.apple.product-type.bundle.ui-testing";
		};
/* End PBXNativeTarget section */

/* Begin PBXProject section */
		9CE89C422CD9FFD6009EC18E /* Project object */ = {
			isa = PBXProject;
			attributes = {
				BuildIndependentTargetsInParallel = 1;
				LastSwiftUpdateCheck = 1600;
				LastUpgradeCheck = 1600;
				TargetAttributes = {
					9CE89C492CD9FFD6009EC18E = {
						CreatedOnToolsVersion = 16.0;
					};
					9CE89C5F2CD9FFD7009EC18E = {
						CreatedOnToolsVersion = 16.0;
						TestTargetID = 9CE89C492CD9FFD6009EC18E;
					};
					9CE89C692CD9FFD7009EC18E = {
						CreatedOnToolsVersion = 16.0;
						TestTargetID = 9CE89C492CD9FFD6009EC18E;
					};
				};
			};
			buildConfigurationList = 9CE89C452CD9FFD6009EC18E /* Build configuration list for PBXProject "CleanArchitecture" */;
			developmentRegion = en;
			hasScannedForEncodings = 0;
			knownRegions = (
				en,
				Base,
			);
			mainGroup = 9CE89C412CD9FFD6009EC18E;
			minimizedProjectReferenceProxies = 1;
			packageReferences = (
				9CE89CBB2CDB988A009EC18E /* XCRemoteSwiftPackageReference "Alamofire" */,
				9CE89CBE2CDB98D1009EC18E /* XCRemoteSwiftPackageReference "SnapKit" */,
				9CE89CC12CDB990F009EC18E /* XCRemoteSwiftPackageReference "RxSwift" */,
				9CE89CC62CDB996B009EC18E /* XCRemoteSwiftPackageReference "Kingfisher" */,
			);
			preferredProjectObjectVersion = 77;
			productRefGroup = 9CE89C4B2CD9FFD6009EC18E /* Products */;
			projectDirPath = "";
			projectRoot = "";
			targets = (
				9CE89C492CD9FFD6009EC18E /* CleanArchitecture */,
				9CE89C5F2CD9FFD7009EC18E /* CleanArchitectureTests */,
				9CE89C692CD9FFD7009EC18E /* CleanArchitectureUITests */,
			);
		};
/* End PBXProject section */

/* Begin PBXResourcesBuildPhase section */
		9CE89C482CD9FFD6009EC18E /* Resources */ = {
			isa = PBXResourcesBuildPhase;
			buildActionMask = 2147483647;
			files = (
			);
			runOnlyForDeploymentPostprocessing = 0;
		};
		9CE89C5E2CD9FFD7009EC18E /* Resources */ = {
			isa = PBXResourcesBuildPhase;
			buildActionMask = 2147483647;
			files = (
			);
			runOnlyForDeploymentPostprocessing = 0;
		};
		9CE89C682CD9FFD7009EC18E /* Resources */ = {
			isa = PBXResourcesBuildPhase;
			buildActionMask = 2147483647;
			files = (
			);
			runOnlyForDeploymentPostprocessing = 0;
		};
/* End PBXResourcesBuildPhase section */

/* Begin PBXSourcesBuildPhase section */
		9CE89C462CD9FFD6009EC18E /* Sources */ = {
			isa = PBXSourcesBuildPhase;
			buildActionMask = 2147483647;
			files = (
			);
			runOnlyForDeploymentPostprocessing = 0;
		};
		9CE89C5C2CD9FFD7009EC18E /* Sources */ = {
			isa = PBXSourcesBuildPhase;
			buildActionMask = 2147483647;
			files = (
			);
			runOnlyForDeploymentPostprocessing = 0;
		};
		9CE89C662CD9FFD7009EC18E /* Sources */ = {
			isa = PBXSourcesBuildPhase;
			buildActionMask = 2147483647;
			files = (
			);
			runOnlyForDeploymentPostprocessing = 0;
		};
/* End PBXSourcesBuildPhase section */

/* Begin PBXTargetDependency section */
		9CE89C622CD9FFD7009EC18E /* PBXTargetDependency */ = {
			isa = PBXTargetDependency;
			target = 9CE89C492CD9FFD6009EC18E /* CleanArchitecture */;
			targetProxy = 9CE89C612CD9FFD7009EC18E /* PBXContainerItemProxy */;
		};
		9CE89C6C2CD9FFD7009EC18E /* PBXTargetDependency */ = {
			isa = PBXTargetDependency;
			target = 9CE89C492CD9FFD6009EC18E /* CleanArchitecture */;
			targetProxy = 9CE89C6B2CD9FFD7009EC18E /* PBXContainerItemProxy */;
		};
/* End PBXTargetDependency section */

/* Begin XCBuildConfiguration section */
		9CE89C742CD9FFD7009EC18E /* Debug */ = {
			isa = XCBuildConfiguration;
			buildSettings = {
				ASSETCATALOG_COMPILER_APPICON_NAME = AppIcon;
				ASSETCATALOG_COMPILER_GLOBAL_ACCENT_COLOR_NAME = AccentColor;
				CODE_SIGN_STYLE = Automatic;
				CURRENT_PROJECT_VERSION = 1;
				DEVELOPMENT_TEAM = YL7ZX6U88Y;
				GENERATE_INFOPLIST_FILE = YES;
				INFOPLIST_FILE = CleanArchitecture/Info.plist;
				INFOPLIST_KEY_UIApplicationSupportsIndirectInputEvents = YES;
				INFOPLIST_KEY_UILaunchStoryboardName = LaunchScreen;
				INFOPLIST_KEY_UIMainStoryboardFile = Main;
				INFOPLIST_KEY_UISupportedInterfaceOrientations_iPad = "UIInterfaceOrientationPortrait UIInterfaceOrientationPortraitUpsideDown UIInterfaceOrientationLandscapeLeft UIInterfaceOrientationLandscapeRight";
				INFOPLIST_KEY_UISupportedInterfaceOrientations_iPhone = "UIInterfaceOrientationPortrait UIInterfaceOrientationLandscapeLeft UIInterfaceOrientationLandscapeRight";
				LD_RUNPATH_SEARCH_PATHS = (
					"$(inherited)",
					"@executable_path/Frameworks",
				);
				MARKETING_VERSION = 1.0;
				PRODUCT_BUNDLE_IDENTIFIER = com.keemhyun.CleanArchitecture;
				PRODUCT_NAME = "$(TARGET_NAME)";
				SWIFT_EMIT_LOC_STRINGS = YES;
				SWIFT_VERSION = 5.0;
				TARGETED_DEVICE_FAMILY = "1,2";
			};
			name = Debug;
		};
		9CE89C752CD9FFD7009EC18E /* Release */ = {
			isa = XCBuildConfiguration;
			buildSettings = {
				ASSETCATALOG_COMPILER_APPICON_NAME = AppIcon;
				ASSETCATALOG_COMPILER_GLOBAL_ACCENT_COLOR_NAME = AccentColor;
				CODE_SIGN_STYLE = Automatic;
				CURRENT_PROJECT_VERSION = 1;
				DEVELOPMENT_TEAM = YL7ZX6U88Y;
				GENERATE_INFOPLIST_FILE = YES;
				INFOPLIST_FILE = CleanArchitecture/Info.plist;
				INFOPLIST_KEY_UIApplicationSupportsIndirectInputEvents = YES;
				INFOPLIST_KEY_UILaunchStoryboardName = LaunchScreen;
				INFOPLIST_KEY_UIMainStoryboardFile = Main;
				INFOPLIST_KEY_UISupportedInterfaceOrientations_iPad = "UIInterfaceOrientationPortrait UIInterfaceOrientationPortraitUpsideDown UIInterfaceOrientationLandscapeLeft UIInterfaceOrientationLandscapeRight";
				INFOPLIST_KEY_UISupportedInterfaceOrientations_iPhone = "UIInterfaceOrientationPortrait UIInterfaceOrientationLandscapeLeft UIInterfaceOrientationLandscapeRight";
				LD_RUNPATH_SEARCH_PATHS = (
					"$(inherited)",
					"@executable_path/Frameworks",
				);
				MARKETING_VERSION = 1.0;
				PRODUCT_BUNDLE_IDENTIFIER = com.keemhyun.CleanArchitecture;
				PRODUCT_NAME = "$(TARGET_NAME)";
				SWIFT_EMIT_LOC_STRINGS = YES;
				SWIFT_VERSION = 5.0;
				TARGETED_DEVICE_FAMILY = "1,2";
			};
			name = Release;
		};
		9CE89C762CD9FFD7009EC18E /* Debug */ = {
			isa = XCBuildConfiguration;
			buildSettings = {
				ALWAYS_SEARCH_USER_PATHS = NO;
				ASSETCATALOG_COMPILER_GENERATE_SWIFT_ASSET_SYMBOL_EXTENSIONS = YES;
				CLANG_ANALYZER_NONNULL = YES;
				CLANG_ANALYZER_NUMBER_OBJECT_CONVERSION = YES_AGGRESSIVE;
				CLANG_CXX_LANGUAGE_STANDARD = "gnu++20";
				CLANG_ENABLE_MODULES = YES;
				CLANG_ENABLE_OBJC_ARC = YES;
				CLANG_ENABLE_OBJC_WEAK = YES;
				CLANG_WARN_BLOCK_CAPTURE_AUTORELEASING = YES;
				CLANG_WARN_BOOL_CONVERSION = YES;
				CLANG_WARN_COMMA = YES;
				CLANG_WARN_CONSTANT_CONVERSION = YES;
				CLANG_WARN_DEPRECATED_OBJC_IMPLEMENTATIONS = YES;
				CLANG_WARN_DIRECT_OBJC_ISA_USAGE = YES_ERROR;
				CLANG_WARN_DOCUMENTATION_COMMENTS = YES;
				CLANG_WARN_EMPTY_BODY = YES;
				CLANG_WARN_ENUM_CONVERSION = YES;
				CLANG_WARN_INFINITE_RECURSION = YES;
				CLANG_WARN_INT_CONVERSION = YES;
				CLANG_WARN_NON_LITERAL_NULL_CONVERSION = YES;
				CLANG_WARN_OBJC_IMPLICIT_RETAIN_SELF = YES;
				CLANG_WARN_OBJC_LITERAL_CONVERSION = YES;
				CLANG_WARN_OBJC_ROOT_CLASS = YES_ERROR;
				CLANG_WARN_QUOTED_INCLUDE_IN_FRAMEWORK_HEADER = YES;
				CLANG_WARN_RANGE_LOOP_ANALYSIS = YES;
				CLANG_WARN_STRICT_PROTOTYPES = YES;
				CLANG_WARN_SUSPICIOUS_MOVE = YES;
				CLANG_WARN_UNGUARDED_AVAILABILITY = YES_AGGRESSIVE;
				CLANG_WARN_UNREACHABLE_CODE = YES;
				CLANG_WARN__DUPLICATE_METHOD_MATCH = YES;
				COPY_PHASE_STRIP = NO;
				DEBUG_INFORMATION_FORMAT = dwarf;
				ENABLE_STRICT_OBJC_MSGSEND = YES;
				ENABLE_TESTABILITY = YES;
				ENABLE_USER_SCRIPT_SANDBOXING = YES;
				GCC_C_LANGUAGE_STANDARD = gnu17;
				GCC_DYNAMIC_NO_PIC = NO;
				GCC_NO_COMMON_BLOCKS = YES;
				GCC_OPTIMIZATION_LEVEL = 0;
				GCC_PREPROCESSOR_DEFINITIONS = (
					"DEBUG=1",
					"$(inherited)",
				);
				GCC_WARN_64_TO_32_BIT_CONVERSION = YES;
				GCC_WARN_ABOUT_RETURN_TYPE = YES_ERROR;
				GCC_WARN_UNDECLARED_SELECTOR = YES;
				GCC_WARN_UNINITIALIZED_AUTOS = YES_AGGRESSIVE;
				GCC_WARN_UNUSED_FUNCTION = YES;
				GCC_WARN_UNUSED_VARIABLE = YES;
				IPHONEOS_DEPLOYMENT_TARGET = 18.0;
				LOCALIZATION_PREFERS_STRING_CATALOGS = YES;
				MTL_ENABLE_DEBUG_INFO = INCLUDE_SOURCE;
				MTL_FAST_MATH = YES;
				ONLY_ACTIVE_ARCH = YES;
				SDKROOT = iphoneos;
				SWIFT_ACTIVE_COMPILATION_CONDITIONS = "DEBUG $(inherited)";
				SWIFT_OPTIMIZATION_LEVEL = "-Onone";
			};
			name = Debug;
		};
		9CE89C772CD9FFD7009EC18E /* Release */ = {
			isa = XCBuildConfiguration;
			buildSettings = {
				ALWAYS_SEARCH_USER_PATHS = NO;
				ASSETCATALOG_COMPILER_GENERATE_SWIFT_ASSET_SYMBOL_EXTENSIONS = YES;
				CLANG_ANALYZER_NONNULL = YES;
				CLANG_ANALYZER_NUMBER_OBJECT_CONVERSION = YES_AGGRESSIVE;
				CLANG_CXX_LANGUAGE_STANDARD = "gnu++20";
				CLANG_ENABLE_MODULES = YES;
				CLANG_ENABLE_OBJC_ARC = YES;
				CLANG_ENABLE_OBJC_WEAK = YES;
				CLANG_WARN_BLOCK_CAPTURE_AUTORELEASING = YES;
				CLANG_WARN_BOOL_CONVERSION = YES;
				CLANG_WARN_COMMA = YES;
				CLANG_WARN_CONSTANT_CONVERSION = YES;
				CLANG_WARN_DEPRECATED_OBJC_IMPLEMENTATIONS = YES;
				CLANG_WARN_DIRECT_OBJC_ISA_USAGE = YES_ERROR;
				CLANG_WARN_DOCUMENTATION_COMMENTS = YES;
				CLANG_WARN_EMPTY_BODY = YES;
				CLANG_WARN_ENUM_CONVERSION = YES;
				CLANG_WARN_INFINITE_RECURSION = YES;
				CLANG_WARN_INT_CONVERSION = YES;
				CLANG_WARN_NON_LITERAL_NULL_CONVERSION = YES;
				CLANG_WARN_OBJC_IMPLICIT_RETAIN_SELF = YES;
				CLANG_WARN_OBJC_LITERAL_CONVERSION = YES;
				CLANG_WARN_OBJC_ROOT_CLASS = YES_ERROR;
				CLANG_WARN_QUOTED_INCLUDE_IN_FRAMEWORK_HEADER = YES;
				CLANG_WARN_RANGE_LOOP_ANALYSIS = YES;
				CLANG_WARN_STRICT_PROTOTYPES = YES;
				CLANG_WARN_SUSPICIOUS_MOVE = YES;
				CLANG_WARN_UNGUARDED_AVAILABILITY = YES_AGGRESSIVE;
				CLANG_WARN_UNREACHABLE_CODE = YES;
				CLANG_WARN__DUPLICATE_METHOD_MATCH = YES;
				COPY_PHASE_STRIP = NO;
				DEBUG_INFORMATION_FORMAT = "dwarf-with-dsym";
				ENABLE_NS_ASSERTIONS = NO;
				ENABLE_STRICT_OBJC_MSGSEND = YES;
				ENABLE_USER_SCRIPT_SANDBOXING = YES;
				GCC_C_LANGUAGE_STANDARD = gnu17;
				GCC_NO_COMMON_BLOCKS = YES;
				GCC_WARN_64_TO_32_BIT_CONVERSION = YES;
				GCC_WARN_ABOUT_RETURN_TYPE = YES_ERROR;
				GCC_WARN_UNDECLARED_SELECTOR = YES;
				GCC_WARN_UNINITIALIZED_AUTOS = YES_AGGRESSIVE;
				GCC_WARN_UNUSED_FUNCTION = YES;
				GCC_WARN_UNUSED_VARIABLE = YES;
				IPHONEOS_DEPLOYMENT_TARGET = 18.0;
				LOCALIZATION_PREFERS_STRING_CATALOGS = YES;
				MTL_ENABLE_DEBUG_INFO = NO;
				MTL_FAST_MATH = YES;
				SDKROOT = iphoneos;
				SWIFT_COMPILATION_MODE = wholemodule;
				VALIDATE_PRODUCT = YES;
			};
			name = Release;
		};
		9CE89C792CD9FFD7009EC18E /* Debug */ = {
			isa = XCBuildConfiguration;
			buildSettings = {
				BUNDLE_LOADER = "$(TEST_HOST)";
				CODE_SIGN_STYLE = Automatic;
				CURRENT_PROJECT_VERSION = 1;
				DEVELOPMENT_TEAM = YL7ZX6U88Y;
				GENERATE_INFOPLIST_FILE = YES;
				IPHONEOS_DEPLOYMENT_TARGET = 18.0;
				MARKETING_VERSION = 1.0;
				PRODUCT_BUNDLE_IDENTIFIER = com.keemhyun.CleanArchitectureTests;
				PRODUCT_NAME = "$(TARGET_NAME)";
				SWIFT_EMIT_LOC_STRINGS = NO;
				SWIFT_VERSION = 5.0;
				TARGETED_DEVICE_FAMILY = "1,2";
				TEST_HOST = "$(BUILT_PRODUCTS_DIR)/CleanArchitecture.app/$(BUNDLE_EXECUTABLE_FOLDER_PATH)/CleanArchitecture";
			};
			name = Debug;
		};
		9CE89C7A2CD9FFD7009EC18E /* Release */ = {
			isa = XCBuildConfiguration;
			buildSettings = {
				BUNDLE_LOADER = "$(TEST_HOST)";
				CODE_SIGN_STYLE = Automatic;
				CURRENT_PROJECT_VERSION = 1;
				DEVELOPMENT_TEAM = YL7ZX6U88Y;
				GENERATE_INFOPLIST_FILE = YES;
				IPHONEOS_DEPLOYMENT_TARGET = 18.0;
				MARKETING_VERSION = 1.0;
				PRODUCT_BUNDLE_IDENTIFIER = com.keemhyun.CleanArchitectureTests;
				PRODUCT_NAME = "$(TARGET_NAME)";
				SWIFT_EMIT_LOC_STRINGS = NO;
				SWIFT_VERSION = 5.0;
				TARGETED_DEVICE_FAMILY = "1,2";
				TEST_HOST = "$(BUILT_PRODUCTS_DIR)/CleanArchitecture.app/$(BUNDLE_EXECUTABLE_FOLDER_PATH)/CleanArchitecture";
			};
			name = Release;
		};
		9CE89C7C2CD9FFD7009EC18E /* Debug */ = {
			isa = XCBuildConfiguration;
			buildSettings = {
				CODE_SIGN_STYLE = Automatic;
				CURRENT_PROJECT_VERSION = 1;
				DEVELOPMENT_TEAM = YL7ZX6U88Y;
				GENERATE_INFOPLIST_FILE = YES;
				MARKETING_VERSION = 1.0;
				PRODUCT_BUNDLE_IDENTIFIER = com.keemhyun.CleanArchitectureUITests;
				PRODUCT_NAME = "$(TARGET_NAME)";
				SWIFT_EMIT_LOC_STRINGS = NO;
				SWIFT_VERSION = 5.0;
				TARGETED_DEVICE_FAMILY = "1,2";
				TEST_TARGET_NAME = CleanArchitecture;
			};
			name = Debug;
		};
		9CE89C7D2CD9FFD7009EC18E /* Release */ = {
			isa = XCBuildConfiguration;
			buildSettings = {
				CODE_SIGN_STYLE = Automatic;
				CURRENT_PROJECT_VERSION = 1;
				DEVELOPMENT_TEAM = YL7ZX6U88Y;
				GENERATE_INFOPLIST_FILE = YES;
				MARKETING_VERSION = 1.0;
				PRODUCT_BUNDLE_IDENTIFIER = com.keemhyun.CleanArchitectureUITests;
				PRODUCT_NAME = "$(TARGET_NAME)";
				SWIFT_EMIT_LOC_STRINGS = NO;
				SWIFT_VERSION = 5.0;
				TARGETED_DEVICE_FAMILY = "1,2";
				TEST_TARGET_NAME = CleanArchitecture;
			};
			name = Release;
		};
/* End XCBuildConfiguration section */

/* Begin XCConfigurationList section */
		9CE89C452CD9FFD6009EC18E /* Build configuration list for PBXProject "CleanArchitecture" */ = {
			isa = XCConfigurationList;
			buildConfigurations = (
				9CE89C762CD9FFD7009EC18E /* Debug */,
				9CE89C772CD9FFD7009EC18E /* Release */,
			);
			defaultConfigurationIsVisible = 0;
			defaultConfigurationName = Release;
		};
		9CE89C732CD9FFD7009EC18E /* Build configuration list for PBXNativeTarget "CleanArchitecture" */ = {
			isa = XCConfigurationList;
			buildConfigurations = (
				9CE89C742CD9FFD7009EC18E /* Debug */,
				9CE89C752CD9FFD7009EC18E /* Release */,
			);
			defaultConfigurationIsVisible = 0;
			defaultConfigurationName = Release;
		};
		9CE89C782CD9FFD7009EC18E /* Build configuration list for PBXNativeTarget "CleanArchitectureTests" */ = {
			isa = XCConfigurationList;
			buildConfigurations = (
				9CE89C792CD9FFD7009EC18E /* Debug */,
				9CE89C7A2CD9FFD7009EC18E /* Release */,
			);
			defaultConfigurationIsVisible = 0;
			defaultConfigurationName = Release;
		};
		9CE89C7B2CD9FFD7009EC18E /* Build configuration list for PBXNativeTarget "CleanArchitectureUITests" */ = {
			isa = XCConfigurationList;
			buildConfigurations = (
				9CE89C7C2CD9FFD7009EC18E /* Debug */,
				9CE89C7D2CD9FFD7009EC18E /* Release */,
			);
			defaultConfigurationIsVisible = 0;
			defaultConfigurationName = Release;
		};
/* End XCConfigurationList section */

/* Begin XCRemoteSwiftPackageReference section */
		9CE89CBB2CDB988A009EC18E /* XCRemoteSwiftPackageReference "Alamofire" */ = {
			isa = XCRemoteSwiftPackageReference;
			repositoryURL = "https://github.com/Alamofire/Alamofire.git";
			requirement = {
				kind = upToNextMajorVersion;
				minimumVersion = 5.10.1;
			};
		};
		9CE89CBE2CDB98D1009EC18E /* XCRemoteSwiftPackageReference "SnapKit" */ = {
			isa = XCRemoteSwiftPackageReference;
			repositoryURL = "https://github.com/SnapKit/SnapKit.git";
			requirement = {
				kind = upToNextMajorVersion;
				minimumVersion = 5.7.1;
			};
		};
		9CE89CC12CDB990F009EC18E /* XCRemoteSwiftPackageReference "RxSwift" */ = {
			isa = XCRemoteSwiftPackageReference;
			repositoryURL = "https://github.com/ReactiveX/RxSwift.git";
			requirement = {
				kind = upToNextMajorVersion;
				minimumVersion = 6.8.0;
			};
		};
		9CE89CC62CDB996B009EC18E /* XCRemoteSwiftPackageReference "Kingfisher" */ = {
			isa = XCRemoteSwiftPackageReference;
			repositoryURL = "https://github.com/onevcat/Kingfisher.git";
			requirement = {
				kind = upToNextMajorVersion;
				minimumVersion = 8.1.0;
			};
		};
/* End XCRemoteSwiftPackageReference section */

/* Begin XCSwiftPackageProductDependency section */
		9CE89CBC2CDB988A009EC18E /* Alamofire */ = {
			isa = XCSwiftPackageProductDependency;
			package = 9CE89CBB2CDB988A009EC18E /* XCRemoteSwiftPackageReference "Alamofire" */;
			productName = Alamofire;
		};
		9CE89CBF2CDB98D1009EC18E /* SnapKit */ = {
			isa = XCSwiftPackageProductDependency;
			package = 9CE89CBE2CDB98D1009EC18E /* XCRemoteSwiftPackageReference "SnapKit" */;
			productName = SnapKit;
		};
		9CE89CC22CDB990F009EC18E /* RxCocoa */ = {
			isa = XCSwiftPackageProductDependency;
			package = 9CE89CC12CDB990F009EC18E /* XCRemoteSwiftPackageReference "RxSwift" */;
			productName = RxCocoa;
		};
		9CE89CC42CDB990F009EC18E /* RxSwift */ = {
			isa = XCSwiftPackageProductDependency;
			package = 9CE89CC12CDB990F009EC18E /* XCRemoteSwiftPackageReference "RxSwift" */;
			productName = RxSwift;
		};
		9CE89CC72CDB996C009EC18E /* Kingfisher */ = {
			isa = XCSwiftPackageProductDependency;
			package = 9CE89CC62CDB996B009EC18E /* XCRemoteSwiftPackageReference "Kingfisher" */;
			productName = Kingfisher;
		};
/* End XCSwiftPackageProductDependency section */
	};
	rootObject = 9CE89C422CD9FFD6009EC18E /* Project object */;
}
